
Microsoft Visual Studio Solution File, Format Version 12.00
# Visual Studio 14
VisualStudioVersion = 14.0.23107.0
MinimumVisualStudioVersion = 10.0.40219.1
Project("{8BC9CEB8-8B4A-11D0-8D11-00A0C91BC942}") = "XmlHelper", "XmlHelper\XmlHelper.vcxproj", "{4F44C638-BC5B-4C1B-920F-39F734EAB3E4}"
EndProject
Project("{8BC9CEB8-8B4A-11D0-8D11-00A0C91BC942}") = "Utility", "utility\utility.vcxproj", "{B12702AD-ABFB-343A-A199-8E24837244A3}"
EndProject
Project("{8BC9CEB8-8B4A-11D0-8D11-00A0C91BC942}") = "LabelImage", "LabelImage\LabelImage.vcxproj", "{5FA059AA-3984-4EAA-A6B6-0BF10208509D}"
EndProject
Project("{8BC9CEB8-8B4A-11D0-8D11-00A0C91BC942}") = "Common", "Common\Common.vcxproj", "{84BE4442-6C1F-4DFC-A199-DD25A5021D90}"
EndProject
Project("{8BC9CEB8-8B4A-11D0-8D11-00A0C91BC942}") = "MainWindow", "MainWindow\MainWindow.vcxproj", "{E169AD34-6A2B-4BDA-8C85-B0422B45B17D}"
EndProject
Project("{8BC9CEB8-8B4A-11D0-8D11-00A0C91BC942}") = "RetrievalTest", "RetrievalTest\RetrievalTest.vcxproj", "{0DFCFB11-BE40-4AE7-BC7A-6AF200DB0384}"
EndProject
Project("{8BC9CEB8-8B4A-11D0-8D11-00A0C91BC942}") = "Preprocessing", "Preprocessing\Preprocessing.vcxproj", "{B90C40C7-50F8-4551-948B-95F0C50534F6}"
EndProject
Project("{8BC9CEB8-8B4A-11D0-8D11-00A0C91BC942}") = "Training", "Training\Training.vcxproj", "{DCB49E0D-A0B3-44EF-83BA-39EED7A5CAE5}"
EndProject
Project("{8BC9CEB8-8B4A-11D0-8D11-00A0C91BC942}") = "FileHelper", "FileHelper\FileHelper.vcxproj", "{7B36199D-041C-48B4-999C-38D7EC9CED81}"
EndProject
Project("{8BC9CEB8-8B4A-11D0-8D11-00A0C91BC942}") = "Widgets", "Widgets\Widgets.vcxproj", "{E013F2A6-9A03-4FB1-AEFB-92C76BFC6DDC}"
EndProject
Project("{8BC9CEB8-8B4A-11D0-8D11-00A0C91BC942}") = "LMDBGenerator", "LMDBGenerator\LMDBGenerator.vcxproj", "{690D8300-29DD-408E-96B6-D1C528D2B567}"
EndProject
Global
	GlobalSection(SolutionConfigurationPlatforms) = preSolution
		Debug|x64 = Debug|x64
		Debug|x86 = Debug|x86
		Release|x64 = Release|x64
		Release|x86 = Release|x86
	EndGlobalSection
	GlobalSection(ProjectConfigurationPlatforms) = postSolution
		{4F44C638-BC5B-4C1B-920F-39F734EAB3E4}.Debug|x64.ActiveCfg = Debug|x64
		{4F44C638-BC5B-4C1B-920F-39F734EAB3E4}.Debug|x64.Build.0 = Debug|x64
		{4F44C638-BC5B-4C1B-920F-39F734EAB3E4}.Debug|x86.ActiveCfg = Debug|Win32
		{4F44C638-BC5B-4C1B-920F-39F734EAB3E4}.Debug|x86.Build.0 = Debug|Win32
		{4F44C638-BC5B-4C1B-920F-39F734EAB3E4}.Release|x64.ActiveCfg = Release|x64
		{4F44C638-BC5B-4C1B-920F-39F734EAB3E4}.Release|x64.Build.0 = Release|x64
		{4F44C638-BC5B-4C1B-920F-39F734EAB3E4}.Release|x86.ActiveCfg = Release|Win32
		{4F44C638-BC5B-4C1B-920F-39F734EAB3E4}.Release|x86.Build.0 = Release|Win32
		{B12702AD-ABFB-343A-A199-8E24837244A3}.Debug|x64.ActiveCfg = Debug|x64
		{B12702AD-ABFB-343A-A199-8E24837244A3}.Debug|x64.Build.0 = Debug|x64
		{B12702AD-ABFB-343A-A199-8E24837244A3}.Debug|x86.ActiveCfg = Debug|Win32
		{B12702AD-ABFB-343A-A199-8E24837244A3}.Debug|x86.Build.0 = Debug|Win32
		{B12702AD-ABFB-343A-A199-8E24837244A3}.Release|x64.ActiveCfg = Release|x64
		{B12702AD-ABFB-343A-A199-8E24837244A3}.Release|x64.Build.0 = Release|x64
		{B12702AD-ABFB-343A-A199-8E24837244A3}.Release|x86.ActiveCfg = Release|Win32
		{B12702AD-ABFB-343A-A199-8E24837244A3}.Release|x86.Build.0 = Release|Win32
		{5FA059AA-3984-4EAA-A6B6-0BF10208509D}.Debug|x64.ActiveCfg = Debug|x64
		{5FA059AA-3984-4EAA-A6B6-0BF10208509D}.Debug|x64.Build.0 = Debug|x64
		{5FA059AA-3984-4EAA-A6B6-0BF10208509D}.Debug|x86.ActiveCfg = Debug|Win32
		{5FA059AA-3984-4EAA-A6B6-0BF10208509D}.Debug|x86.Build.0 = Debug|Win32
		{5FA059AA-3984-4EAA-A6B6-0BF10208509D}.Release|x64.ActiveCfg = Release|x64
		{5FA059AA-3984-4EAA-A6B6-0BF10208509D}.Release|x64.Build.0 = Release|x64
		{5FA059AA-3984-4EAA-A6B6-0BF10208509D}.Release|x86.ActiveCfg = Release|Win32
		{5FA059AA-3984-4EAA-A6B6-0BF10208509D}.Release|x86.Build.0 = Release|Win32
		{84BE4442-6C1F-4DFC-A199-DD25A5021D90}.Debug|x64.ActiveCfg = Debug|x64
		{84BE4442-6C1F-4DFC-A199-DD25A5021D90}.Debug|x64.Build.0 = Debug|x64
		{84BE4442-6C1F-4DFC-A199-DD25A5021D90}.Debug|x86.ActiveCfg = Debug|Win32
		{84BE4442-6C1F-4DFC-A199-DD25A5021D90}.Debug|x86.Build.0 = Debug|Win32
		{84BE4442-6C1F-4DFC-A199-DD25A5021D90}.Release|x64.ActiveCfg = Release|x64
		{84BE4442-6C1F-4DFC-A199-DD25A5021D90}.Release|x64.Build.0 = Release|x64
		{84BE4442-6C1F-4DFC-A199-DD25A5021D90}.Release|x86.ActiveCfg = Release|Win32
		{84BE4442-6C1F-4DFC-A199-DD25A5021D90}.Release|x86.Build.0 = Release|Win32
		{E169AD34-6A2B-4BDA-8C85-B0422B45B17D}.Debug|x64.ActiveCfg = Debug|x64
		{E169AD34-6A2B-4BDA-8C85-B0422B45B17D}.Debug|x64.Build.0 = Debug|x64
		{E169AD34-6A2B-4BDA-8C85-B0422B45B17D}.Debug|x86.ActiveCfg = Debug|Win32
		{E169AD34-6A2B-4BDA-8C85-B0422B45B17D}.Debug|x86.Build.0 = Debug|Win32
		{E169AD34-6A2B-4BDA-8C85-B0422B45B17D}.Release|x64.ActiveCfg = Release|x64
		{E169AD34-6A2B-4BDA-8C85-B0422B45B17D}.Release|x64.Build.0 = Release|x64
		{E169AD34-6A2B-4BDA-8C85-B0422B45B17D}.Release|x86.ActiveCfg = Release|Win32
		{E169AD34-6A2B-4BDA-8C85-B0422B45B17D}.Release|x86.Build.0 = Release|Win32
		{0DFCFB11-BE40-4AE7-BC7A-6AF200DB0384}.Debug|x64.ActiveCfg = Debug|x64
		{0DFCFB11-BE40-4AE7-BC7A-6AF200DB0384}.Debug|x64.Build.0 = Debug|x64
		{0DFCFB11-BE40-4AE7-BC7A-6AF200DB0384}.Debug|x86.ActiveCfg = Debug|Win32
		{0DFCFB11-BE40-4AE7-BC7A-6AF200DB0384}.Debug|x86.Build.0 = Debug|Win32
		{0DFCFB11-BE40-4AE7-BC7A-6AF200DB0384}.Release|x64.ActiveCfg = Release|x64
		{0DFCFB11-BE40-4AE7-BC7A-6AF200DB0384}.Release|x64.Build.0 = Release|x64
		{0DFCFB11-BE40-4AE7-BC7A-6AF200DB0384}.Release|x86.ActiveCfg = Release|Win32
		{0DFCFB11-BE40-4AE7-BC7A-6AF200DB0384}.Release|x86.Build.0 = Release|Win32
		{B90C40C7-50F8-4551-948B-95F0C50534F6}.Debug|x64.ActiveCfg = Debug|x64
		{B90C40C7-50F8-4551-948B-95F0C50534F6}.Debug|x64.Build.0 = Debug|x64
		{B90C40C7-50F8-4551-948B-95F0C50534F6}.Debug|x86.ActiveCfg = Debug|Win32
		{B90C40C7-50F8-4551-948B-95F0C50534F6}.Debug|x86.Build.0 = Debug|Win32
		{B90C40C7-50F8-4551-948B-95F0C50534F6}.Release|x64.ActiveCfg = Release|x64
		{B90C40C7-50F8-4551-948B-95F0C50534F6}.Release|x64.Build.0 = Release|x64
		{B90C40C7-50F8-4551-948B-95F0C50534F6}.Release|x86.ActiveCfg = Release|Win32
		{B90C40C7-50F8-4551-948B-95F0C50534F6}.Release|x86.Build.0 = Release|Win32
		{DCB49E0D-A0B3-44EF-83BA-39EED7A5CAE5}.Debug|x64.ActiveCfg = Debug|x64
		{DCB49E0D-A0B3-44EF-83BA-39EED7A5CAE5}.Debug|x64.Build.0 = Debug|x64
		{DCB49E0D-A0B3-44EF-83BA-39EED7A5CAE5}.Debug|x86.ActiveCfg = Debug|Win32
		{DCB49E0D-A0B3-44EF-83BA-39EED7A5CAE5}.Debug|x86.Build.0 = Debug|Win32
		{DCB49E0D-A0B3-44EF-83BA-39EED7A5CAE5}.Release|x64.ActiveCfg = Release|x64
		{DCB49E0D-A0B3-44EF-83BA-39EED7A5CAE5}.Release|x64.Build.0 = Release|x64
		{DCB49E0D-A0B3-44EF-83BA-39EED7A5CAE5}.Release|x86.ActiveCfg = Release|Win32
		{DCB49E0D-A0B3-44EF-83BA-39EED7A5CAE5}.Release|x86.Build.0 = Release|Win32
		{7B36199D-041C-48B4-999C-38D7EC9CED81}.Debug|x64.ActiveCfg = Debug|x64
		{7B36199D-041C-48B4-999C-38D7EC9CED81}.Debug|x64.Build.0 = Debug|x64
		{7B36199D-041C-48B4-999C-38D7EC9CED81}.Debug|x86.ActiveCfg = Debug|Win32
		{7B36199D-041C-48B4-999C-38D7EC9CED81}.Debug|x86.Build.0 = Debug|Win32
		{7B36199D-041C-48B4-999C-38D7EC9CED81}.Release|x64.ActiveCfg = Release|x64
		{7B36199D-041C-48B4-999C-38D7EC9CED81}.Release|x64.Build.0 = Release|x64
		{7B36199D-041C-48B4-999C-38D7EC9CED81}.Release|x86.ActiveCfg = Release|Win32
		{7B36199D-041C-48B4-999C-38D7EC9CED81}.Release|x86.Build.0 = Release|Win32
		{E013F2A6-9A03-4FB1-AEFB-92C76BFC6DDC}.Debug|x64.ActiveCfg = Debug|x64
		{E013F2A6-9A03-4FB1-AEFB-92C76BFC6DDC}.Debug|x64.Build.0 = Debug|x64
		{E013F2A6-9A03-4FB1-AEFB-92C76BFC6DDC}.Debug|x86.ActiveCfg = Debug|Win32
		{E013F2A6-9A03-4FB1-AEFB-92C76BFC6DDC}.Debug|x86.Build.0 = Debug|Win32
		{E013F2A6-9A03-4FB1-AEFB-92C76BFC6DDC}.Release|x64.ActiveCfg = Release|x64
		{E013F2A6-9A03-4FB1-AEFB-92C76BFC6DDC}.Release|x64.Build.0 = Release|x64
		{E013F2A6-9A03-4FB1-AEFB-92C76BFC6DDC}.Release|x86.ActiveCfg = Release|Win32
		{E013F2A6-9A03-4FB1-AEFB-92C76BFC6DDC}.Release|x86.Build.0 = Release|Win32
		{690D8300-29DD-408E-96B6-D1C528D2B567}.Debug|x64.ActiveCfg = Debug|x64
		{690D8300-29DD-408E-96B6-D1C528D2B567}.Debug|x64.Build.0 = Debug|x64
		{690D8300-29DD-408E-96B6-D1C528D2B567}.Debug|x86.ActiveCfg = Debug|Win32
		{690D8300-29DD-408E-96B6-D1C528D2B567}.Debug|x86.Build.0 = Debug|Win32
		{690D8300-29DD-408E-96B6-D1C528D2B567}.Release|x64.ActiveCfg = Release|x64
		{690D8300-29DD-408E-96B6-D1C528D2B567}.Release|x64.Build.0 = Release|x64
		{690D8300-29DD-408E-96B6-D1C528D2B567}.Release|x86.ActiveCfg = Release|Win32
		{690D8300-29DD-408E-96B6-D1C528D2B567}.Release|x86.Build.0 = Release|Win32
	EndGlobalSection
	GlobalSection(SolutionProperties) = preSolution
		HideSolutionNode = FALSE
	EndGlobalSection
EndGlobal
